
Microsoft Visual Studio Solution File, Format Version 12.00
# Visual Studio Version 17
VisualStudioVersion = 17.4.33205.214
MinimumVisualStudioVersion = 10.0.40219.1
Project("{FAE04EC0-301F-11D3-BF4B-00C04F79EFBC}") = "RPS - Lab_2_learning", "RPS - Lab_2_learning.csproj", "{29E82C75-2EAD-43E1-98EF-B6D367B4FD8C}"
EndProject
Global
	GlobalSection(SolutionConfigurationPlatforms) = preSolution
		Debug|Any CPU = Debug|Any CPU
		Release|Any CPU = Release|Any CPU
	EndGlobalSection
	GlobalSection(ProjectConfigurationPlatforms) = postSolution
		{29E82C75-2EAD-43E1-98EF-B6D367B4FD8C}.Debug|Any CPU.ActiveCfg = Debug|Any CPU
		{29E82C75-2EAD-43E1-98EF-B6D367B4FD8C}.Debug|Any CPU.Build.0 = Debug|Any CPU
		{29E82C75-2EAD-43E1-98EF-B6D367B4FD8C}.Release|Any CPU.ActiveCfg = Release|Any CPU
		{29E82C75-2EAD-43E1-98EF-B6D367B4FD8C}.Release|Any CPU.Build.0 = Release|Any CPU
	EndGlobalSection
	GlobalSection(SolutionProperties) = preSolution
		HideSolutionNode = FALSE
	EndGlobalSection
	GlobalSection(ExtensibilityGlobals) = postSolution
		SolutionGuid = {3C0A6C6E-7467-4D77-8F2B-AC1321B416B7}
	EndGlobalSection
EndGlobal
