
Microsoft Visual Studio Solution File, Format Version 12.00
# Visual Studio Version 17
VisualStudioVersion = 17.6.33815.320
MinimumVisualStudioVersion = 10.0.40219.1
Project("{FAE04EC0-301F-11D3-BF4B-00C04F79EFBC}") = "GenericMaxStack", "GenericMaxStack.csproj", "{47631F90-B084-419C-A555-C22CD1C9E7EC}"
EndProject
Project("{FAE04EC0-301F-11D3-BF4B-00C04F79EFBC}") = "MaxMinStack", "..\MaxMinStack\MaxMinStack.csproj", "{FECB83A7-743B-4A76-92CE-4E0F723A417B}"
EndProject
Global
	GlobalSection(SolutionConfigurationPlatforms) = preSolution
		Debug|Any CPU = Debug|Any CPU
		Release|Any CPU = Release|Any CPU
	EndGlobalSection
	GlobalSection(ProjectConfigurationPlatforms) = postSolution
		{47631F90-B084-419C-A555-C22CD1C9E7EC}.Debug|Any CPU.ActiveCfg = Debug|Any CPU
		{47631F90-B084-419C-A555-C22CD1C9E7EC}.Debug|Any CPU.Build.0 = Debug|Any CPU
		{47631F90-B084-419C-A555-C22CD1C9E7EC}.Release|Any CPU.ActiveCfg = Release|Any CPU
		{47631F90-B084-419C-A555-C22CD1C9E7EC}.Release|Any CPU.Build.0 = Release|Any CPU
		{FECB83A7-743B-4A76-92CE-4E0F723A417B}.Debug|Any CPU.ActiveCfg = Debug|Any CPU
		{FECB83A7-743B-4A76-92CE-4E0F723A417B}.Debug|Any CPU.Build.0 = Debug|Any CPU
		{FECB83A7-743B-4A76-92CE-4E0F723A417B}.Release|Any CPU.ActiveCfg = Release|Any CPU
		{FECB83A7-743B-4A76-92CE-4E0F723A417B}.Release|Any CPU.Build.0 = Release|Any CPU
	EndGlobalSection
	GlobalSection(SolutionProperties) = preSolution
		HideSolutionNode = FALSE
	EndGlobalSection
	GlobalSection(ExtensibilityGlobals) = postSolution
		SolutionGuid = {091B8315-F99C-41D0-8F10-575535773D43}
	EndGlobalSection
EndGlobal
