
Microsoft Visual Studio Solution File, Format Version 12.00
# Visual Studio Version 17
VisualStudioVersion = 17.4.33205.214
MinimumVisualStudioVersion = 10.0.40219.1
Project("{FAE04EC0-301F-11D3-BF4B-00C04F79EFBC}") = "bank_App_23", "bank_App_23.csproj", "{6697A54B-0C8B-4456-82E6-984DC6AFB2C5}"
EndProject
Global
	GlobalSection(SolutionConfigurationPlatforms) = preSolution
		Debug|Any CPU = Debug|Any CPU
		Release|Any CPU = Release|Any CPU
	EndGlobalSection
	GlobalSection(ProjectConfigurationPlatforms) = postSolution
		{6697A54B-0C8B-4456-82E6-984DC6AFB2C5}.Debug|Any CPU.ActiveCfg = Debug|Any CPU
		{6697A54B-0C8B-4456-82E6-984DC6AFB2C5}.Debug|Any CPU.Build.0 = Debug|Any CPU
		{6697A54B-0C8B-4456-82E6-984DC6AFB2C5}.Release|Any CPU.ActiveCfg = Release|Any CPU
		{6697A54B-0C8B-4456-82E6-984DC6AFB2C5}.Release|Any CPU.Build.0 = Release|Any CPU
	EndGlobalSection
	GlobalSection(SolutionProperties) = preSolution
		HideSolutionNode = FALSE
	EndGlobalSection
	GlobalSection(ExtensibilityGlobals) = postSolution
		SolutionGuid = {DA8A6811-F007-42F2-879F-0F69A673B6ED}
	EndGlobalSection
EndGlobal
