
Microsoft Visual Studio Solution File, Format Version 12.00
# Visual Studio Version 17
VisualStudioVersion = 17.4.33205.214
MinimumVisualStudioVersion = 10.0.40219.1
Project("{FAE04EC0-301F-11D3-BF4B-00C04F79EFBC}") = "Lab_9_winforms", "Lab_9_winforms.csproj", "{8F06A600-7071-4E21-A7C2-43CF36205A09}"
EndProject
Global
	GlobalSection(SolutionConfigurationPlatforms) = preSolution
		Debug|Any CPU = Debug|Any CPU
		Release|Any CPU = Release|Any CPU
	EndGlobalSection
	GlobalSection(ProjectConfigurationPlatforms) = postSolution
		{8F06A600-7071-4E21-A7C2-43CF36205A09}.Debug|Any CPU.ActiveCfg = Debug|Any CPU
		{8F06A600-7071-4E21-A7C2-43CF36205A09}.Debug|Any CPU.Build.0 = Debug|Any CPU
		{8F06A600-7071-4E21-A7C2-43CF36205A09}.Release|Any CPU.ActiveCfg = Release|Any CPU
		{8F06A600-7071-4E21-A7C2-43CF36205A09}.Release|Any CPU.Build.0 = Release|Any CPU
	EndGlobalSection
	GlobalSection(SolutionProperties) = preSolution
		HideSolutionNode = FALSE
	EndGlobalSection
	GlobalSection(ExtensibilityGlobals) = postSolution
		SolutionGuid = {A1339607-E4E4-474A-A058-E07C3FB1BBF5}
	EndGlobalSection
EndGlobal
