
Microsoft Visual Studio Solution File, Format Version 12.00
# Visual Studio Version 17
VisualStudioVersion = 17.6.33815.320
MinimumVisualStudioVersion = 10.0.40219.1
Project("{FAE04EC0-301F-11D3-BF4B-00C04F79EFBC}") = "Lab_Task_1_ID_106", "Lab_Task_1_ID_106.csproj", "{FD7EBE77-7E26-4160-93EF-44F488C4C978}"
EndProject
Global
	GlobalSection(SolutionConfigurationPlatforms) = preSolution
		Debug|Any CPU = Debug|Any CPU
		Release|Any CPU = Release|Any CPU
	EndGlobalSection
	GlobalSection(ProjectConfigurationPlatforms) = postSolution
		{FD7EBE77-7E26-4160-93EF-44F488C4C978}.Debug|Any CPU.ActiveCfg = Debug|Any CPU
		{FD7EBE77-7E26-4160-93EF-44F488C4C978}.Debug|Any CPU.Build.0 = Debug|Any CPU
		{FD7EBE77-7E26-4160-93EF-44F488C4C978}.Release|Any CPU.ActiveCfg = Release|Any CPU
		{FD7EBE77-7E26-4160-93EF-44F488C4C978}.Release|Any CPU.Build.0 = Release|Any CPU
	EndGlobalSection
	GlobalSection(SolutionProperties) = preSolution
		HideSolutionNode = FALSE
	EndGlobalSection
	GlobalSection(ExtensibilityGlobals) = postSolution
		SolutionGuid = {1B72DF89-EE50-433F-A255-C52B3F742C5A}
	EndGlobalSection
EndGlobal
