
Microsoft Visual Studio Solution File, Format Version 12.00
# Visual Studio Version 17
VisualStudioVersion = 17.6.33815.320
MinimumVisualStudioVersion = 10.0.40219.1
Project("{FAE04EC0-301F-11D3-BF4B-00C04F79EFBC}") = "FizzBuzz", "FizzBuzz.csproj", "{4C51FCF7-9A31-4AA2-854F-65E544DFB201}"
EndProject
Project("{FAE04EC0-301F-11D3-BF4B-00C04F79EFBC}") = "FizzTest", "..\FizzTest\FizzTest.csproj", "{4DFF33F0-F20D-4D66-A73A-C9002BC997A2}"
EndProject
Global
	GlobalSection(SolutionConfigurationPlatforms) = preSolution
		Debug|Any CPU = Debug|Any CPU
		Release|Any CPU = Release|Any CPU
	EndGlobalSection
	GlobalSection(ProjectConfigurationPlatforms) = postSolution
		{4C51FCF7-9A31-4AA2-854F-65E544DFB201}.Debug|Any CPU.ActiveCfg = Debug|Any CPU
		{4C51FCF7-9A31-4AA2-854F-65E544DFB201}.Debug|Any CPU.Build.0 = Debug|Any CPU
		{4C51FCF7-9A31-4AA2-854F-65E544DFB201}.Release|Any CPU.ActiveCfg = Release|Any CPU
		{4C51FCF7-9A31-4AA2-854F-65E544DFB201}.Release|Any CPU.Build.0 = Release|Any CPU
		{4DFF33F0-F20D-4D66-A73A-C9002BC997A2}.Debug|Any CPU.ActiveCfg = Debug|Any CPU
		{4DFF33F0-F20D-4D66-A73A-C9002BC997A2}.Debug|Any CPU.Build.0 = Debug|Any CPU
		{4DFF33F0-F20D-4D66-A73A-C9002BC997A2}.Release|Any CPU.ActiveCfg = Release|Any CPU
		{4DFF33F0-F20D-4D66-A73A-C9002BC997A2}.Release|Any CPU.Build.0 = Release|Any CPU
	EndGlobalSection
	GlobalSection(SolutionProperties) = preSolution
		HideSolutionNode = FALSE
	EndGlobalSection
	GlobalSection(ExtensibilityGlobals) = postSolution
		SolutionGuid = {4CD87706-30C7-428D-9AA8-B999271AF613}
	EndGlobalSection
EndGlobal
