
Microsoft Visual Studio Solution File, Format Version 12.00
# Visual Studio Version 17
VisualStudioVersion = 17.6.33815.320
MinimumVisualStudioVersion = 10.0.40219.1
Project("{FAE04EC0-301F-11D3-BF4B-00C04F79EFBC}") = "Lab_2.2.a_ID_210042106", "Lab_2.2.a_ID_210042106.csproj", "{221114F5-D0BB-477C-9562-8C66724E4D46}"
EndProject
Global
	GlobalSection(SolutionConfigurationPlatforms) = preSolution
		Debug|Any CPU = Debug|Any CPU
		Release|Any CPU = Release|Any CPU
	EndGlobalSection
	GlobalSection(ProjectConfigurationPlatforms) = postSolution
		{221114F5-D0BB-477C-9562-8C66724E4D46}.Debug|Any CPU.ActiveCfg = Debug|Any CPU
		{221114F5-D0BB-477C-9562-8C66724E4D46}.Debug|Any CPU.Build.0 = Debug|Any CPU
		{221114F5-D0BB-477C-9562-8C66724E4D46}.Release|Any CPU.ActiveCfg = Release|Any CPU
		{221114F5-D0BB-477C-9562-8C66724E4D46}.Release|Any CPU.Build.0 = Release|Any CPU
	EndGlobalSection
	GlobalSection(SolutionProperties) = preSolution
		HideSolutionNode = FALSE
	EndGlobalSection
	GlobalSection(ExtensibilityGlobals) = postSolution
		SolutionGuid = {3480A396-EE78-47DF-83E3-0ACFB1B8A039}
	EndGlobalSection
EndGlobal
