
Microsoft Visual Studio Solution File, Format Version 12.00
# Visual Studio Version 17
VisualStudioVersion = 17.4.33205.214
MinimumVisualStudioVersion = 10.0.40219.1
Project("{FAE04EC0-301F-11D3-BF4B-00C04F79EFBC}") = "Lab_7_ver_2", "Lab_7_ver_2.csproj", "{727BDCFD-0675-41DC-9D92-0BD017A2CBF9}"
EndProject
Global
	GlobalSection(SolutionConfigurationPlatforms) = preSolution
		Debug|Any CPU = Debug|Any CPU
		Release|Any CPU = Release|Any CPU
	EndGlobalSection
	GlobalSection(ProjectConfigurationPlatforms) = postSolution
		{727BDCFD-0675-41DC-9D92-0BD017A2CBF9}.Debug|Any CPU.ActiveCfg = Debug|Any CPU
		{727BDCFD-0675-41DC-9D92-0BD017A2CBF9}.Debug|Any CPU.Build.0 = Debug|Any CPU
		{727BDCFD-0675-41DC-9D92-0BD017A2CBF9}.Release|Any CPU.ActiveCfg = Release|Any CPU
		{727BDCFD-0675-41DC-9D92-0BD017A2CBF9}.Release|Any CPU.Build.0 = Release|Any CPU
	EndGlobalSection
	GlobalSection(SolutionProperties) = preSolution
		HideSolutionNode = FALSE
	EndGlobalSection
	GlobalSection(ExtensibilityGlobals) = postSolution
		SolutionGuid = {D08120CC-1593-41D1-BE1B-63A57B0C6739}
	EndGlobalSection
EndGlobal
