
Microsoft Visual Studio Solution File, Format Version 12.00
# Visual Studio Version 17
VisualStudioVersion = 17.6.33815.320
MinimumVisualStudioVersion = 10.0.40219.1
Project("{FAE04EC0-301F-11D3-BF4B-00C04F79EFBC}") = "LSP_Project", "LSP_Project.csproj", "{79C5780F-78D3-4669-A4F8-386D1D804ED6}"
EndProject
Global
	GlobalSection(SolutionConfigurationPlatforms) = preSolution
		Debug|Any CPU = Debug|Any CPU
		Release|Any CPU = Release|Any CPU
	EndGlobalSection
	GlobalSection(ProjectConfigurationPlatforms) = postSolution
		{79C5780F-78D3-4669-A4F8-386D1D804ED6}.Debug|Any CPU.ActiveCfg = Debug|Any CPU
		{79C5780F-78D3-4669-A4F8-386D1D804ED6}.Debug|Any CPU.Build.0 = Debug|Any CPU
		{79C5780F-78D3-4669-A4F8-386D1D804ED6}.Release|Any CPU.ActiveCfg = Release|Any CPU
		{79C5780F-78D3-4669-A4F8-386D1D804ED6}.Release|Any CPU.Build.0 = Release|Any CPU
	EndGlobalSection
	GlobalSection(SolutionProperties) = preSolution
		HideSolutionNode = FALSE
	EndGlobalSection
	GlobalSection(ExtensibilityGlobals) = postSolution
		SolutionGuid = {962692AE-5686-4DA3-995F-36CBA9B72BB1}
	EndGlobalSection
EndGlobal
