
Microsoft Visual Studio Solution File, Format Version 12.00
# Visual Studio Version 17
VisualStudioVersion = 17.4.33205.214
MinimumVisualStudioVersion = 10.0.40219.1
Project("{FAE04EC0-301F-11D3-BF4B-00C04F79EFBC}") = "lab_8", "lab_8.csproj", "{A5D68F6D-7CBF-49B3-BAB8-79B1577B6601}"
EndProject
Global
	GlobalSection(SolutionConfigurationPlatforms) = preSolution
		Debug|Any CPU = Debug|Any CPU
		Release|Any CPU = Release|Any CPU
	EndGlobalSection
	GlobalSection(ProjectConfigurationPlatforms) = postSolution
		{A5D68F6D-7CBF-49B3-BAB8-79B1577B6601}.Debug|Any CPU.ActiveCfg = Debug|Any CPU
		{A5D68F6D-7CBF-49B3-BAB8-79B1577B6601}.Debug|Any CPU.Build.0 = Debug|Any CPU
		{A5D68F6D-7CBF-49B3-BAB8-79B1577B6601}.Release|Any CPU.ActiveCfg = Release|Any CPU
		{A5D68F6D-7CBF-49B3-BAB8-79B1577B6601}.Release|Any CPU.Build.0 = Release|Any CPU
	EndGlobalSection
	GlobalSection(SolutionProperties) = preSolution
		HideSolutionNode = FALSE
	EndGlobalSection
	GlobalSection(ExtensibilityGlobals) = postSolution
		SolutionGuid = {E07698D8-28C4-45B2-9550-DF145CE7492B}
	EndGlobalSection
EndGlobal
